// !$*UTF8*$!
{
	archiveVersion = 1;
	classes = {
	};
	objectVersion = 50;
	objects = {

/* Begin PBXBuildFile section */
		9443D4742600BFF7002C66BE /* main.swift in Sources */ = {isa = PBXBuildFile; fileRef = 9443D4732600BFF7002C66BE /* main.swift */; };
		9443D47C2600C37F002C66BE /* Weapon.swift in Sources */ = {isa = PBXBuildFile; fileRef = 9443D47B2600C37F002C66BE /* Weapon.swift */; };
		9443D47F2600C4FC002C66BE /* Character.swift in Sources */ = {isa = PBXBuildFile; fileRef = 9443D47E2600C4FC002C66BE /* Character.swift */; };
		9443D4822600CEF2002C66BE /* Player.swift in Sources */ = {isa = PBXBuildFile; fileRef = 9443D4812600CEF2002C66BE /* Player.swift */; };
		9443D4852600D426002C66BE /* Game.swift in Sources */ = {isa = PBXBuildFile; fileRef = 9443D4842600D426002C66BE /* Game.swift */; };
		94E2ACB8262EFE4E00F58891 /* Chest.swift in Sources */ = {isa = PBXBuildFile; fileRef = 94E2ACB7262EFE4D00F58891 /* Chest.swift */; };
/* End PBXBuildFile section */

/* Begin PBXCopyFilesBuildPhase section */
		9443D46E2600BFF6002C66BE /* CopyFiles */ = {
			isa = PBXCopyFilesBuildPhase;
			buildActionMask = 2147483647;
			dstPath = /usr/share/man/man1/;
			dstSubfolderSpec = 0;
			files = (
			);
			runOnlyForDeploymentPostprocessing = 1;
		};
/* End PBXCopyFilesBuildPhase section */

/* Begin PBXFileReference section */
		9443D4702600BFF6002C66BE /* DouniaJeu */ = {isa = PBXFileReference; explicitFileType = "compiled.mach-o.executable"; includeInIndex = 0; path = DouniaJeu; sourceTree = BUILT_PRODUCTS_DIR; };
		9443D4732600BFF7002C66BE /* main.swift */ = {isa = PBXFileReference; lastKnownFileType = sourcecode.swift; path = main.swift; sourceTree = "<group>"; };
		9443D47B2600C37F002C66BE /* Weapon.swift */ = {isa = PBXFileReference; lastKnownFileType = sourcecode.swift; path = Weapon.swift; sourceTree = "<group>"; };
		9443D47E2600C4FC002C66BE /* Character.swift */ = {isa = PBXFileReference; lastKnownFileType = sourcecode.swift; path = Character.swift; sourceTree = "<group>"; };
		9443D4812600CEF2002C66BE /* Player.swift */ = {isa = PBXFileReference; lastKnownFileType = sourcecode.swift; path = Player.swift; sourceTree = "<group>"; };
		9443D4842600D426002C66BE /* Game.swift */ = {isa = PBXFileReference; lastKnownFileType = sourcecode.swift; path = Game.swift; sourceTree = "<group>"; };
		94E2ACB7262EFE4D00F58891 /* Chest.swift */ = {isa = PBXFileReference; lastKnownFileType = sourcecode.swift; path = Chest.swift; sourceTree = "<group>"; };
/* End PBXFileReference section */

/* Begin PBXFrameworksBuildPhase section */
		9443D46D2600BFF6002C66BE /* Frameworks */ = {
			isa = PBXFrameworksBuildPhase;
			buildActionMask = 2147483647;
			files = (
			);
			runOnlyForDeploymentPostprocessing = 0;
		};
/* End PBXFrameworksBuildPhase section */

/* Begin PBXGroup section */
		9443D4672600BFF6002C66BE = {
			isa = PBXGroup;
			children = (
				9443D4722600BFF6002C66BE /* DouniaJeu */,
				9443D4712600BFF6002C66BE /* Products */,
			);
			sourceTree = "<group>";
		};
		9443D4712600BFF6002C66BE /* Products */ = {
			isa = PBXGroup;
			children = (
				9443D4702600BFF6002C66BE /* DouniaJeu */,
			);
			name = Products;
			sourceTree = "<group>";
		};
		9443D4722600BFF6002C66BE /* DouniaJeu */ = {
			isa = PBXGroup;
			children = (
				9443D4732600BFF7002C66BE /* main.swift */,
				9443D47B2600C37F002C66BE /* Weapon.swift */,
				9443D47E2600C4FC002C66BE /* Character.swift */,
				9443D4812600CEF2002C66BE /* Player.swift */,
				9443D4842600D426002C66BE /* Game.swift */,
				94E2ACB7262EFE4D00F58891 /* Chest.swift */,
			);
			path = DouniaJeu;
			sourceTree = "<group>";
		};
/* End PBXGroup section */

/* Begin PBXNativeTarget section */
		9443D46F2600BFF6002C66BE /* DouniaJeu */ = {
			isa = PBXNativeTarget;
			buildConfigurationList = 9443D4772600BFF7002C66BE /* Build configuration list for PBXNativeTarget "DouniaJeu" */;
			buildPhases = (
				9443D46C2600BFF6002C66BE /* Sources */,
				9443D46D2600BFF6002C66BE /* Frameworks */,
				9443D46E2600BFF6002C66BE /* CopyFiles */,
			);
			buildRules = (
			);
			dependencies = (
			);
			name = DouniaJeu;
			productName = DouniaJeu;
			productReference = 9443D4702600BFF6002C66BE /* DouniaJeu */;
			productType = "com.apple.product-type.tool";
		};
/* End PBXNativeTarget section */

/* Begin PBXProject section */
		9443D4682600BFF6002C66BE /* Project object */ = {
			isa = PBXProject;
			attributes = {
				LastSwiftUpdateCheck = 1240;
				LastUpgradeCheck = 1240;
				TargetAttributes = {
					9443D46F2600BFF6002C66BE = {
						CreatedOnToolsVersion = 12.4;
					};
				};
			};
			buildConfigurationList = 9443D46B2600BFF6002C66BE /* Build configuration list for PBXProject "DouniaJeu" */;
			compatibilityVersion = "Xcode 9.3";
			developmentRegion = en;
			hasScannedForEncodings = 0;
			knownRegions = (
				en,
				Base,
			);
			mainGroup = 9443D4672600BFF6002C66BE;
			productRefGroup = 9443D4712600BFF6002C66BE /* Products */;
			projectDirPath = "";
			projectRoot = "";
			targets = (
				9443D46F2600BFF6002C66BE /* DouniaJeu */,
			);
		};
/* End PBXProject section */

/* Begin PBXSourcesBuildPhase section */
		9443D46C2600BFF6002C66BE /* Sources */ = {
			isa = PBXSourcesBuildPhase;
			buildActionMask = 2147483647;
			files = (
				9443D4822600CEF2002C66BE /* Player.swift in Sources */,
				9443D47F2600C4FC002C66BE /* Character.swift in Sources */,
				9443D4852600D426002C66BE /* Game.swift in Sources */,
				94E2ACB8262EFE4E00F58891 /* Chest.swift in Sources */,
				9443D4742600BFF7002C66BE /* main.swift in Sources */,
				9443D47C2600C37F002C66BE /* Weapon.swift in Sources */,
			);
			runOnlyForDeploymentPostprocessing = 0;
		};
/* End PBXSourcesBuildPhase section */

/* Begin XCBuildConfiguration section */
		9443D4752600BFF7002C66BE /* Debug */ = {
			isa = XCBuildConfiguration;
			buildSettings = {
				ALWAYS_SEARCH_USER_PATHS = NO;
				CLANG_ANALYZER_NONNULL = YES;
				CLANG_ANALYZER_NUMBER_OBJECT_CONVERSION = YES_AGGRESSIVE;
				CLANG_CXX_LANGUAGE_STANDARD = "gnu++14";
				CLANG_CXX_LIBRARY = "libc++";
				CLANG_ENABLE_MODULES = YES;
				CLANG_ENABLE_OBJC_ARC = YES;
				CLANG_ENABLE_OBJC_WEAK = YES;
				CLANG_WARN_BLOCK_CAPTURE_AUTORELEASING = YES;
				CLANG_WARN_BOOL_CONVERSION = YES;
				CLANG_WARN_COMMA = YES;
				CLANG_WARN_CONSTANT_CONVERSION = YES;
				CLANG_WARN_DEPRECATED_OBJC_IMPLEMENTATIONS = YES;
				CLANG_WARN_DIRECT_OBJC_ISA_USAGE = YES_ERROR;
				CLANG_WARN_DOCUMENTATION_COMMENTS = YES;
				CLANG_WARN_EMPTY_BODY = YES;
				CLANG_WARN_ENUM_CONVERSION = YES;
				CLANG_WARN_INFINITE_RECURSION = YES;
				CLANG_WARN_INT_CONVERSION = YES;
				CLANG_WARN_NON_LITERAL_NULL_CONVERSION = YES;
				CLANG_WARN_OBJC_IMPLICIT_RETAIN_SELF = YES;
				CLANG_WARN_OBJC_LITERAL_CONVERSION = YES;
				CLANG_WARN_OBJC_ROOT_CLASS = YES_ERROR;
				CLANG_WARN_QUOTED_INCLUDE_IN_FRAMEWORK_HEADER = YES;
				CLANG_WARN_RANGE_LOOP_ANALYSIS = YES;
				CLANG_WARN_STRICT_PROTOTYPES = YES;
				CLANG_WARN_SUSPICIOUS_MOVE = YES;
				CLANG_WARN_UNGUARDED_AVAILABILITY = YES_AGGRESSIVE;
				CLANG_WARN_UNREACHABLE_CODE = YES;
				CLANG_WARN__DUPLICATE_METHOD_MATCH = YES;
				COPY_PHASE_STRIP = NO;
				DEBUG_INFORMATION_FORMAT = dwarf;
				ENABLE_STRICT_OBJC_MSGSEND = YES;
				ENABLE_TESTABILITY = YES;
				GCC_C_LANGUAGE_STANDARD = gnu11;
				GCC_DYNAMIC_NO_PIC = NO;
				GCC_NO_COMMON_BLOCKS = YES;
				GCC_OPTIMIZATION_LEVEL = 0;
				GCC_PREPROCESSOR_DEFINITIONS = (
					"DEBUG=1",
					"$(inherited)",
				);
				GCC_WARN_64_TO_32_BIT_CONVERSION = YES;
				GCC_WARN_ABOUT_RETURN_TYPE = YES_ERROR;
				GCC_WARN_UNDECLARED_SELECTOR = YES;
				GCC_WARN_UNINITIALIZED_AUTOS = YES_AGGRESSIVE;
				GCC_WARN_UNUSED_FUNCTION = YES;
				GCC_WARN_UNUSED_VARIABLE = YES;
				MACOSX_DEPLOYMENT_TARGET = 10.15;
				MTL_ENABLE_DEBUG_INFO = INCLUDE_SOURCE;
				MTL_FAST_MATH = YES;
				ONLY_ACTIVE_ARCH = YES;
				SDKROOT = macosx;
				SWIFT_ACTIVE_COMPILATION_CONDITIONS = DEBUG;
				SWIFT_OPTIMIZATION_LEVEL = "-Onone";
			};
			name = Debug;
		};
		9443D4762600BFF7002C66BE /* Release */ = {
			isa = XCBuildConfiguration;
			buildSettings = {
				ALWAYS_SEARCH_USER_PATHS = NO;
				CLANG_ANALYZER_NONNULL = YES;
				CLANG_ANALYZER_NUMBER_OBJECT_CONVERSION = YES_AGGRESSIVE;
				CLANG_CXX_LANGUAGE_STANDARD = "gnu++14";
				CLANG_CXX_LIBRARY = "libc++";
				CLANG_ENABLE_MODULES = YES;
				CLANG_ENABLE_OBJC_ARC = YES;
				CLANG_ENABLE_OBJC_WEAK = YES;
				CLANG_WARN_BLOCK_CAPTURE_AUTORELEASING = YES;
				CLANG_WARN_BOOL_CONVERSION = YES;
				CLANG_WARN_COMMA = YES;
				CLANG_WARN_CONSTANT_CONVERSION = YES;
				CLANG_WARN_DEPRECATED_OBJC_IMPLEMENTATIONS = YES;
				CLANG_WARN_DIRECT_OBJC_ISA_USAGE = YES_ERROR;
				CLANG_WARN_DOCUMENTATION_COMMENTS = YES;
				CLANG_WARN_EMPTY_BODY = YES;
				CLANG_WARN_ENUM_CONVERSION = YES;
				CLANG_WARN_INFINITE_RECURSION = YES;
				CLANG_WARN_INT_CONVERSION = YES;
				CLANG_WARN_NON_LITERAL_NULL_CONVERSION = YES;
				CLANG_WARN_OBJC_IMPLICIT_RETAIN_SELF = YES;
				CLANG_WARN_OBJC_LITERAL_CONVERSION = YES;
				CLANG_WARN_OBJC_ROOT_CLASS = YES_ERROR;
				CLANG_WARN_QUOTED_INCLUDE_IN_FRAMEWORK_HEADER = YES;
				CLANG_WARN_RANGE_LOOP_ANALYSIS = YES;
				CLANG_WARN_STRICT_PROTOTYPES = YES;
				CLANG_WARN_SUSPICIOUS_MOVE = YES;
				CLANG_WARN_UNGUARDED_AVAILABILITY = YES_AGGRESSIVE;
				CLANG_WARN_UNREACHABLE_CODE = YES;
				CLANG_WARN__DUPLICATE_METHOD_MATCH = YES;
				COPY_PHASE_STRIP = NO;
				DEBUG_INFORMATION_FORMAT = "dwarf-with-dsym";
				ENABLE_NS_ASSERTIONS = NO;
				ENABLE_STRICT_OBJC_MSGSEND = YES;
				GCC_C_LANGUAGE_STANDARD = gnu11;
				GCC_NO_COMMON_BLOCKS = YES;
				GCC_WARN_64_TO_32_BIT_CONVERSION = YES;
				GCC_WARN_ABOUT_RETURN_TYPE = YES_ERROR;
				GCC_WARN_UNDECLARED_SELECTOR = YES;
				GCC_WARN_UNINITIALIZED_AUTOS = YES_AGGRESSIVE;
				GCC_WARN_UNUSED_FUNCTION = YES;
				GCC_WARN_UNUSED_VARIABLE = YES;
				MACOSX_DEPLOYMENT_TARGET = 10.15;
				MTL_ENABLE_DEBUG_INFO = NO;
				MTL_FAST_MATH = YES;
				SDKROOT = macosx;
				SWIFT_COMPILATION_MODE = wholemodule;
				SWIFT_OPTIMIZATION_LEVEL = "-O";
			};
			name = Release;
		};
		9443D4782600BFF7002C66BE /* Debug */ = {
			isa = XCBuildConfiguration;
			buildSettings = {
				CODE_SIGN_STYLE = Automatic;
				PRODUCT_NAME = "$(TARGET_NAME)";
				SWIFT_VERSION = 5.0;
			};
			name = Debug;
		};
		9443D4792600BFF7002C66BE /* Release */ = {
			isa = XCBuildConfiguration;
			buildSettings = {
				CODE_SIGN_STYLE = Automatic;
				PRODUCT_NAME = "$(TARGET_NAME)";
				SWIFT_VERSION = 5.0;
			};
			name = Release;
		};
/* End XCBuildConfiguration section */

/* Begin XCConfigurationList section */
		9443D46B2600BFF6002C66BE /* Build configuration list for PBXProject "DouniaJeu" */ = {
			isa = XCConfigurationList;
			buildConfigurations = (
				9443D4752600BFF7002C66BE /* Debug */,
				9443D4762600BFF7002C66BE /* Release */,
			);
			defaultConfigurationIsVisible = 0;
			defaultConfigurationName = Release;
		};
		9443D4772600BFF7002C66BE /* Build configuration list for PBXNativeTarget "DouniaJeu" */ = {
			isa = XCConfigurationList;
			buildConfigurations = (
				9443D4782600BFF7002C66BE /* Debug */,
				9443D4792600BFF7002C66BE /* Release */,
			);
			defaultConfigurationIsVisible = 0;
			defaultConfigurationName = Release;
		};
/* End XCConfigurationList section */
	};
	rootObject = 9443D4682600BFF6002C66BE /* Project object */;
}
